
Microsoft Visual Studio Solution File, Format Version 12.00
# Visual Studio Version 17
VisualStudioVersion = 17.6.33801.468
MinimumVisualStudioVersion = 10.0.40219.1
Project("{FAE04EC0-301F-11D3-BF4B-00C04F79EFBC}") = "pis1_IV", "pis1_IV.csproj", "{C2FE3ED0-919A-489F-AB4C-D79A8F4567A4}"
EndProject
Global
	GlobalSection(SolutionConfigurationPlatforms) = preSolution
		Debug|Any CPU = Debug|Any CPU
		Release|Any CPU = Release|Any CPU
	EndGlobalSection
	GlobalSection(ProjectConfigurationPlatforms) = postSolution
		{C2FE3ED0-919A-489F-AB4C-D79A8F4567A4}.Debug|Any CPU.ActiveCfg = Debug|Any CPU
		{C2FE3ED0-919A-489F-AB4C-D79A8F4567A4}.Debug|Any CPU.Build.0 = Debug|Any CPU
		{C2FE3ED0-919A-489F-AB4C-D79A8F4567A4}.Release|Any CPU.ActiveCfg = Release|Any CPU
		{C2FE3ED0-919A-489F-AB4C-D79A8F4567A4}.Release|Any CPU.Build.0 = Release|Any CPU
	EndGlobalSection
	GlobalSection(SolutionProperties) = preSolution
		HideSolutionNode = FALSE
	EndGlobalSection
	GlobalSection(ExtensibilityGlobals) = postSolution
		SolutionGuid = {A66DB01A-FD6D-4C0C-B364-74D4BD25FED2}
	EndGlobalSection
EndGlobal
